
Microsoft Visual Studio Solution File, Format Version 12.00
# Visual Studio Version 17
VisualStudioVersion = 17.0.31912.275
MinimumVisualStudioVersion = 10.0.40219.1
Project("{9A19103F-16F7-4668-BE54-9A1E7A4F7556}") = "Biometrics", "Biometrics.csproj", "{24922F96-1264-4BB0-937A-454C101D211A}"
EndProject
Global
	GlobalSection(SolutionConfigurationPlatforms) = preSolution
		Debug|Any CPU = Debug|Any CPU
		Release|Any CPU = Release|Any CPU
	EndGlobalSection
	GlobalSection(ProjectConfigurationPlatforms) = postSolution
		{24922F96-1264-4BB0-937A-454C101D211A}.Debug|Any CPU.ActiveCfg = Debug|Any CPU
		{24922F96-1264-4BB0-937A-454C101D211A}.Debug|Any CPU.Build.0 = Debug|Any CPU
		{24922F96-1264-4BB0-937A-454C101D211A}.Release|Any CPU.ActiveCfg = Release|Any CPU
		{24922F96-1264-4BB0-937A-454C101D211A}.Release|Any CPU.Build.0 = Release|Any CPU
	EndGlobalSection
	GlobalSection(SolutionProperties) = preSolution
		HideSolutionNode = FALSE
	EndGlobalSection
	GlobalSection(ExtensibilityGlobals) = postSolution
		SolutionGuid = {99F8BD2A-0DD5-4FAC-A4B5-B918DA0C8BE1}
	EndGlobalSection
EndGlobal
